{
  "name": "xlsxDemo",
  "version": "0.1.0",
  "lockfileVersion": 1,
  "dependencies": {
    "accepts": {
      "version": "1.3.3",
      "resolved": "http://r.cnpmjs.org/accepts/download/accepts-1.3.3.tgz",
      "integrity": "sha1-w8p0NJOGSMPg2cHjKN1otiLChMo="
    },
    "after": {
      "version": "0.8.2",
      "resolved": "http://r.cnpmjs.org/after/download/after-0.8.2.tgz",
      "integrity": "sha1-/ts5T58OAqqXaOcCvaI7UF+ufh8="
    },
    "ajv": {
      "version": "4.11.8",
      "resolved": "http://r.cnpmjs.org/ajv/download/ajv-4.11.8.tgz",
      "integrity": "sha1-gv+wKynmYq5TvcIK8VlHcGc5xTY="
    },
    "arraybuffer.slice": {
      "version": "0.0.6",
      "resolved": "http://r.cnpmjs.org/arraybuffer.slice/download/arraybuffer.slice-0.0.6.tgz",
      "integrity": "sha1-8zshWfBTKj8xB6JywMz70a0peco="
    },
    "asn1": {
      "version": "0.1.11",
      "resolved": "http://r.cnpmjs.org/asn1/download/asn1-0.1.11.tgz",
      "integrity": "sha1-VZvhg3bQik7E2+gId9J4GGObLfc="
    },
    "assert-plus": {
      "version": "0.1.5",
      "resolved": "http://r.cnpmjs.org/assert-plus/download/assert-plus-0.1.5.tgz",
      "integrity": "sha1-7nQAlBMALYTOxyGcasgRgS5yMWA="
    },
    "async-kit": {
      "version": "2.2.3",
      "resolved": "http://r.cnpmjs.org/async-kit/download/async-kit-2.2.3.tgz",
      "integrity": "sha1-JkdRonndxfWbQZY4uAWuLEmFj7c="
    },
    "asynckit": {
      "version": "0.4.0",
      "resolved": "http://r.cnpmjs.org/asynckit/download/asynckit-0.4.0.tgz",
      "integrity": "sha1-x57Zf380y48robyXkLzDZkdLS3k="
    },
    "aws-sign2": {
      "version": "0.6.0",
      "resolved": "http://r.cnpmjs.org/aws-sign2/download/aws-sign2-0.6.0.tgz",
      "integrity": "sha1-FDQt0428yU0OW4fXY81jYSwOeU8="
    },
    "aws4": {
      "version": "1.6.0",
      "resolved": "http://r.cnpmjs.org/aws4/download/aws4-1.6.0.tgz",
      "integrity": "sha1-g+9cqGCysy5KDe7e6MdxudtXRx4="
    },
    "backo2": {
      "version": "1.0.2",
      "resolved": "http://r.cnpmjs.org/backo2/download/backo2-1.0.2.tgz",
      "integrity": "sha1-MasayLEpNjRj41s+u2n038+6eUc="
    },
    "backoff": {
      "version": "2.5.0",
      "resolved": "http://r.cnpmjs.org/backoff/download/backoff-2.5.0.tgz",
      "integrity": "sha1-9hbtqdPktmuMp/ynn2lXIsX44m8="
    },
    "balanced-match": {
      "version": "0.4.2",
      "resolved": "http://r.cnpmjs.org/balanced-match/download/balanced-match-0.4.2.tgz",
      "integrity": "sha1-yz8+PHMtwPAe5wtAPzAuYddwmDg=",
      "optional": true
    },
    "base64-arraybuffer": {
      "version": "0.1.5",
      "resolved": "http://r.cnpmjs.org/base64-arraybuffer/download/base64-arraybuffer-0.1.5.tgz",
      "integrity": "sha1-c5JncZI7Whl0etZmqlzUv5xunOg="
    },
    "base64id": {
      "version": "1.0.0",
      "resolved": "http://r.cnpmjs.org/base64id/download/base64id-1.0.0.tgz",
      "integrity": "sha1-R2iMuZu2gE8OBtPnY7HDLlfY5rY="
    },
    "bcrypt-pbkdf": {
      "version": "1.0.1",
      "resolved": "http://r.cnpmjs.org/bcrypt-pbkdf/download/bcrypt-pbkdf-1.0.1.tgz",
      "integrity": "sha1-Y7xdy2EzG5K8Bf1SiVPDNGKgb40=",
      "optional": true
    },
    "better-assert": {
      "version": "1.0.2",
      "resolved": "http://r.cnpmjs.org/better-assert/download/better-assert-1.0.2.tgz",
      "integrity": "sha1-QIZrnhueC1W0gYlDEeaPr/rrxSI="
    },
    "blob": {
      "version": "0.0.4",
      "resolved": "http://r.cnpmjs.org/blob/download/blob-0.0.4.tgz",
      "integrity": "sha1-vPEwUspURj8w+fx+lbmkdjCpSSE="
    },
    "boom": {
      "version": "2.10.1",
      "resolved": "http://r.cnpmjs.org/boom/download/boom-2.10.1.tgz",
      "integrity": "sha1-OciRjO/1eZ+D+UkqhI9iWt0Mdm8="
    },
    "brace-expansion": {
      "version": "1.1.7",
      "resolved": "http://r.cnpmjs.org/brace-expansion/download/brace-expansion-1.1.7.tgz",
      "integrity": "sha1-Pv/DxQ4ABTH7cg6v+A8K6O8jz1k=",
      "optional": true
    },
    "bunyan": {
      "version": "1.8.10",
      "resolved": "http://r.cnpmjs.org/bunyan/download/bunyan-1.8.10.tgz",
      "integrity": "sha1-IB/t0mxwgLYy9BYHL1OpC5pSmBw=",
      "dependencies": {
        "dtrace-provider": {
          "version": "0.8.2",
          "resolved": "http://r.cnpmjs.org/dtrace-provider/download/dtrace-provider-0.8.2.tgz",
          "integrity": "sha1-8GfCdz8V2hth6yDbyWqhyrszMLw=",
          "optional": true
        }
      }
    },
    "callsite": {
      "version": "1.0.0",
      "resolved": "http://r.cnpmjs.org/callsite/download/callsite-1.0.0.tgz",
      "integrity": "sha1-KAOY5dZkvXQDi28JBRU+borxvCA="
    },
    "caseless": {
      "version": "0.12.0",
      "resolved": "http://r.cnpmjs.org/caseless/download/caseless-0.12.0.tgz",
      "integrity": "sha1-G2gcIf+EAzyCZUMJBolCDRhxUdw="
    },
    "co": {
      "version": "4.6.0",
      "resolved": "http://r.cnpmjs.org/co/download/co-4.6.0.tgz",
      "integrity": "sha1-bqa989hTrlTMuOR7+gvz+QMfsYQ="
    },
    "combined-stream": {
      "version": "1.0.5",
      "resolved": "http://r.cnpmjs.org/combined-stream/download/combined-stream-1.0.5.tgz",
      "integrity": "sha1-k4NwpXtKUd6ix3wV1cX9+JUWQAk="
    },
    "component-bind": {
      "version": "1.0.0",
      "resolved": "http://r.cnpmjs.org/component-bind/download/component-bind-1.0.0.tgz",
      "integrity": "sha1-AMYIq33Nk4l8AAllGx06jh5zu9E="
    },
    "component-emitter": {
      "version": "1.1.2",
      "resolved": "http://r.cnpmjs.org/component-emitter/download/component-emitter-1.1.2.tgz",
      "integrity": "sha1-KWWU8nU9qmOZbSrwjRWpURbJrsM="
    },
    "component-inherit": {
      "version": "0.0.3",
      "resolved": "http://r.cnpmjs.org/component-inherit/download/component-inherit-0.0.3.tgz",
      "integrity": "sha1-ZF/ErfWLcrZJ1crmUTVhnbJv8UM="
    },
    "concat-map": {
      "version": "0.0.1",
      "resolved": "http://r.cnpmjs.org/concat-map/download/concat-map-0.0.1.tgz",
      "integrity": "sha1-2Klr13/Wjfd5OnMDajug1UBdR3s=",
      "optional": true
    },
    "cookie": {
      "version": "0.3.1",
      "resolved": "http://r.cnpmjs.org/cookie/download/cookie-0.3.1.tgz",
      "integrity": "sha1-5+Ch+e9DtMi6klxcWpboBtFoc7s="
    },
    "core-js": {
      "version": "2.4.1",
      "resolved": "http://r.cnpmjs.org/core-js/download/core-js-2.4.1.tgz",
      "integrity": "sha1-TekR5mew6ukSTjQlS1OupvxhjT4="
    },
    "core-util-is": {
      "version": "1.0.2",
      "resolved": "http://r.cnpmjs.org/core-util-is/download/core-util-is-1.0.2.tgz",
      "integrity": "sha1-tf1UIgqivFq1eqtxQMlAdUUDwac="
    },
    "cryptiles": {
      "version": "2.0.5",
      "resolved": "http://r.cnpmjs.org/cryptiles/download/cryptiles-2.0.5.tgz",
      "integrity": "sha1-O9/s3GCBR8HGcgL6KR59ylnqo7g="
    },
    "csv": {
      "version": "0.4.6",
      "resolved": "http://r.cnpmjs.org/csv/download/csv-0.4.6.tgz",
      "integrity": "sha1-jbrn3f26rmLB6ph8Pg+Kmsc3tz0="
    },
    "csv-generate": {
      "version": "0.0.6",
      "resolved": "http://r.cnpmjs.org/csv-generate/download/csv-generate-0.0.6.tgz",
      "integrity": "sha1-l+TmOuRrIZEs2UdbwxRp0m9a3mY="
    },
    "csv-parse": {
      "version": "1.2.0",
      "resolved": "http://r.cnpmjs.org/csv-parse/download/csv-parse-1.2.0.tgz",
      "integrity": "sha1-BHtzhoq5qFdG6IX2N/ntD7ZFpCU="
    },
    "csv-stringify": {
      "version": "0.0.8",
      "resolved": "http://r.cnpmjs.org/csv-stringify/download/csv-stringify-0.0.8.tgz",
      "integrity": "sha1-Usw7PfwZd1jFWtMlqVvoUHH55Rs="
    },
    "ctype": {
      "version": "0.5.3",
      "resolved": "http://r.cnpmjs.org/ctype/download/ctype-0.5.3.tgz",
      "integrity": "sha1-gsGMJGH3QRTvFsE1IkrQuRRMoS8="
    },
    "cwise-compiler": {
      "version": "1.1.3",
      "resolved": "http://r.cnpmjs.org/cwise-compiler/download/cwise-compiler-1.1.3.tgz",
      "integrity": "sha1-9NZnQQ6FDToxOn0tt7HlBbsDTMU="
    },
    "dashdash": {
      "version": "1.14.1",
      "resolved": "http://r.cnpmjs.org/dashdash/download/dashdash-1.14.1.tgz",
      "integrity": "sha1-hTz6D3y+L+1d4gMmuN1YEDX24vA=",
      "dependencies": {
        "assert-plus": {
          "version": "1.0.0",
          "resolved": "http://r.cnpmjs.org/assert-plus/download/assert-plus-1.0.0.tgz",
          "integrity": "sha1-8S4PPF13sLHN2RRpQuTpbB5N1SU="
        }
      }
    },
    "data-uri-to-buffer": {
      "version": "0.0.3",
      "resolved": "http://r.cnpmjs.org/data-uri-to-buffer/download/data-uri-to-buffer-0.0.3.tgz",
      "integrity": "sha1-GK6XmmoMqZSwYlhTkW0mYruuCxo="
    },
    "debug": {
      "version": "2.6.8",
      "resolved": "http://r.cnpmjs.org/debug/download/debug-2.6.8.tgz",
      "integrity": "sha1-5zFTHKLt4n0YgiJCfaF4IdaP9Pw="
    },
    "delayed-stream": {
      "version": "1.0.0",
      "resolved": "http://r.cnpmjs.org/delayed-stream/download/delayed-stream-1.0.0.tgz",
      "integrity": "sha1-3zrhmayt+31ECqrgsp4icrJOxhk="
    },
    "detect-node": {
      "version": "2.0.3",
      "resolved": "http://r.cnpmjs.org/detect-node/download/detect-node-2.0.3.tgz",
      "integrity": "sha1-ogM8CcyOFY03dI+951B4Mr1s4Sc="
    },
    "dtrace-provider": {
      "version": "0.6.0",
      "resolved": "http://r.cnpmjs.org/dtrace-provider/download/dtrace-provider-0.6.0.tgz",
      "integrity": "sha1-CweNVReTfYcxAUUtkUZzdVe3XlE=",
      "optional": true
    },
    "ecc-jsbn": {
      "version": "0.1.1",
      "resolved": "http://r.cnpmjs.org/ecc-jsbn/download/ecc-jsbn-0.1.1.tgz",
      "integrity": "sha1-D8c6ntXw1Tw4GTOYUj735UN3dQU=",
      "optional": true
    },
    "engine.io": {
      "version": "1.8.4",
      "resolved": "http://r.cnpmjs.org/engine.io/download/engine.io-1.8.4.tgz",
      "integrity": "sha1-d7zhK4Dl1gQpM3/sOw2vaR68kAM=",
      "dependencies": {
        "debug": {
          "version": "2.3.3",
          "resolved": "http://r.cnpmjs.org/debug/download/debug-2.3.3.tgz",
          "integrity": "sha1-QMRT5n5uE8kB3ewxeviYbNqe/4w="
        },
        "ms": {
          "version": "0.7.2",
          "resolved": "http://r.cnpmjs.org/ms/download/ms-0.7.2.tgz",
          "integrity": "sha1-riXPJRKziFodldfwN4aNhDESR2U="
        }
      }
    },
    "engine.io-client": {
      "version": "1.8.4",
      "resolved": "http://r.cnpmjs.org/engine.io-client/download/engine.io-client-1.8.4.tgz",
      "integrity": "sha1-n+hd7iWFPKa6viW9KtaHEIY+kcI=",
      "dependencies": {
        "component-emitter": {
          "version": "1.2.1",
          "resolved": "http://r.cnpmjs.org/component-emitter/download/component-emitter-1.2.1.tgz",
          "integrity": "sha1-E3kY1teCg/ffemt8WmPhQOaUJeY="
        },
        "debug": {
          "version": "2.3.3",
          "resolved": "http://r.cnpmjs.org/debug/download/debug-2.3.3.tgz",
          "integrity": "sha1-QMRT5n5uE8kB3ewxeviYbNqe/4w="
        },
        "ms": {
          "version": "0.7.2",
          "resolved": "http://r.cnpmjs.org/ms/download/ms-0.7.2.tgz",
          "integrity": "sha1-riXPJRKziFodldfwN4aNhDESR2U="
        },
        "ws": {
          "version": "1.1.2",
          "resolved": "http://r.cnpmjs.org/ws/download/ws-1.1.2.tgz",
          "integrity": "sha1-iiRPoFJAHgjJiGz0SoUYnh/UBn8="
        }
      }
    },
    "engine.io-parser": {
      "version": "1.3.2",
      "resolved": "http://r.cnpmjs.org/engine.io-parser/download/engine.io-parser-1.3.2.tgz",
      "integrity": "sha1-k3sHnwAH0Ik+xW1GyyILjLQ1Igo="
    },
    "escape-regexp-component": {
      "version": "1.0.2",
      "resolved": "http://r.cnpmjs.org/escape-regexp-component/download/escape-regexp-component-1.0.2.tgz",
      "integrity": "sha1-nGO20LJf8qiMOtvRjFthrMO5+qI="
    },
    "extend": {
      "version": "1.2.1",
      "resolved": "http://r.cnpmjs.org/extend/download/extend-1.2.1.tgz",
      "integrity": "sha1-oPX9bPyDpf5J72mNYOyKYk3UV2w="
    },
    "extsprintf": {
      "version": "1.2.0",
      "resolved": "http://r.cnpmjs.org/extsprintf/download/extsprintf-1.2.0.tgz",
      "integrity": "sha1-WtlGwi9bMrp/jNdCZxHG6KP8JSk="
    },
    "forever-agent": {
      "version": "0.6.1",
      "resolved": "http://r.cnpmjs.org/forever-agent/download/forever-agent-0.6.1.tgz",
      "integrity": "sha1-+8cfDEGt6zf5bFd60e1C2P2sypE="
    },
    "form-data": {
      "version": "2.1.4",
      "resolved": "http://r.cnpmjs.org/form-data/download/form-data-2.1.4.tgz",
      "integrity": "sha1-M8GDrPGTJ27KqYFDpp6Uv+4XUNE="
    },
    "formidable": {
      "version": "1.1.1",
      "resolved": "http://r.cnpmjs.org/formidable/download/formidable-1.1.1.tgz",
      "integrity": "sha1-lriIb3w8NQi5Mta9cMTTqI818ak="
    },
    "get-pixels": {
      "version": "3.3.0",
      "resolved": "http://r.cnpmjs.org/get-pixels/download/get-pixels-3.3.0.tgz",
      "integrity": "sha1-jZeVvq4YhQuED3SVgbrcBdPjbkE="
    },
    "getpass": {
      "version": "0.1.7",
      "resolved": "http://r.cnpmjs.org/getpass/download/getpass-0.1.7.tgz",
      "integrity": "sha1-Xv+OPmhNVprkyysSgmBOi6YhSfo=",
      "dependencies": {
        "assert-plus": {
          "version": "1.0.0",
          "resolved": "http://r.cnpmjs.org/assert-plus/download/assert-plus-1.0.0.tgz",
          "integrity": "sha1-8S4PPF13sLHN2RRpQuTpbB5N1SU="
        }
      }
    },
    "glob": {
      "version": "6.0.4",
      "resolved": "http://r.cnpmjs.org/glob/download/glob-6.0.4.tgz",
      "integrity": "sha1-DwiGD2oVUSey+t1PnOJLGqtuTSI=",
      "optional": true
    },
    "handle-thing": {
      "version": "1.2.5",
      "resolved": "http://r.cnpmjs.org/handle-thing/download/handle-thing-1.2.5.tgz",
      "integrity": "sha1-/Xqtcmvxpf0W38KbL3pmAdJxOcQ="
    },
    "har-schema": {
      "version": "1.0.5",
      "resolved": "http://r.cnpmjs.org/har-schema/download/har-schema-1.0.5.tgz",
      "integrity": "sha1-0mMTX0MwfALGAq/I/pWXDAFRNp4="
    },
    "har-validator": {
      "version": "4.2.1",
      "resolved": "http://r.cnpmjs.org/har-validator/download/har-validator-4.2.1.tgz",
      "integrity": "sha1-M0gdDxu/9gDdID11gSpqX7oALio="
    },
    "has-binary": {
      "version": "0.1.7",
      "resolved": "http://r.cnpmjs.org/has-binary/download/has-binary-0.1.7.tgz",
      "integrity": "sha1-aOYesWIQyVRaClzOBqhzkS/h5ow=",
      "dependencies": {
        "isarray": {
          "version": "0.0.1",
          "resolved": "http://r.cnpmjs.org/isarray/download/isarray-0.0.1.tgz",
          "integrity": "sha1-ihis/Kmo9Bd+Cav8YDiTmwXR7t8="
        }
      }
    },
    "has-cors": {
      "version": "1.1.0",
      "resolved": "http://r.cnpmjs.org/has-cors/download/has-cors-1.1.0.tgz",
      "integrity": "sha1-XkdHk/fqmEPRu5nCPu9J/xJv/zk="
    },
    "hawk": {
      "version": "3.1.3",
      "resolved": "http://r.cnpmjs.org/hawk/download/hawk-3.1.3.tgz",
      "integrity": "sha1-B4REvXwWQLD+VA0sm3PVlnjo4cQ="
    },
    "hoek": {
      "version": "2.16.3",
      "resolved": "http://r.cnpmjs.org/hoek/download/hoek-2.16.3.tgz",
      "integrity": "sha1-ILt0A9POo5jpHcRxCo/xuCdKJe0="
    },
    "hpack.js": {
      "version": "2.1.6",
      "resolved": "http://r.cnpmjs.org/hpack.js/download/hpack.js-2.1.6.tgz",
      "integrity": "sha1-h3dMCUnlE/QuhFdbPEVoH63ioLI="
    },
    "http-deceiver": {
      "version": "1.2.7",
      "resolved": "http://r.cnpmjs.org/http-deceiver/download/http-deceiver-1.2.7.tgz",
      "integrity": "sha1-+nFolEq5pRnTN8sL7HKE3D5yPYc="
    },
    "http-signature": {
      "version": "0.11.0",
      "resolved": "http://r.cnpmjs.org/http-signature/download/http-signature-0.11.0.tgz",
      "integrity": "sha1-F5bPZ6ABrVzWhJ3KCZFIXwkIn+Y="
    },
    "indexof": {
      "version": "0.0.1",
      "resolved": "http://r.cnpmjs.org/indexof/download/indexof-0.0.1.tgz",
      "integrity": "sha1-gtwzbSMrkGIXnQWrMpOmYFn9Q10="
    },
    "inflight": {
      "version": "1.0.6",
      "resolved": "http://r.cnpmjs.org/inflight/download/inflight-1.0.6.tgz",
      "integrity": "sha1-Sb1jMdfQLQwJvJEKEHW6gWW1bfk=",
      "optional": true
    },
    "inherits": {
      "version": "2.0.3",
      "resolved": "http://r.cnpmjs.org/inherits/download/inherits-2.0.3.tgz",
      "integrity": "sha1-Yzwsg+PaQqUC9SRmAiSA9CCCYd4="
    },
    "iota-array": {
      "version": "1.0.0",
      "resolved": "http://r.cnpmjs.org/iota-array/download/iota-array-1.0.0.tgz",
      "integrity": "sha1-ge9X/l0FgUzVjCSDYyqZwwoOgIc="
    },
    "is-buffer": {
      "version": "1.1.5",
      "resolved": "http://r.cnpmjs.org/is-buffer/download/is-buffer-1.1.5.tgz",
      "integrity": "sha1-Hzsm72E7IUuIy8ojzGwB2Hlh7sw="
    },
    "is-typedarray": {
      "version": "1.0.0",
      "resolved": "http://r.cnpmjs.org/is-typedarray/download/is-typedarray-1.0.0.tgz",
      "integrity": "sha1-5HnICFjfDBsR3dppQPlgEfzaSpo="
    },
    "isarray": {
      "version": "1.0.0",
      "resolved": "http://r.cnpmjs.org/isarray/download/isarray-1.0.0.tgz",
      "integrity": "sha1-u5NdSFgsuhaMBoNJV6VKPgcSTxE="
    },
    "isstream": {
      "version": "0.1.2",
      "resolved": "http://r.cnpmjs.org/isstream/download/isstream-0.1.2.tgz",
      "integrity": "sha1-R+Y/evVa+m+S4VAOaQ64uFKcCZo="
    },
    "jodid25519": {
      "version": "1.0.2",
      "resolved": "http://r.cnpmjs.org/jodid25519/download/jodid25519-1.0.2.tgz",
      "integrity": "sha1-BtSRIlUJNBlHfUJWM2BuDpB4KWc=",
      "optional": true
    },
    "jpeg-js": {
      "version": "0.1.2",
      "resolved": "http://r.cnpmjs.org/jpeg-js/download/jpeg-js-0.1.2.tgz",
      "integrity": "sha1-E1uZLAV1yYXPoPSUoyJ+0jhYPs4="
    },
    "jsbn": {
      "version": "0.1.1",
      "resolved": "http://r.cnpmjs.org/jsbn/download/jsbn-0.1.1.tgz",
      "integrity": "sha1-peZUwuWi3rXyAdls77yoDA7y9RM=",
      "optional": true
    },
    "json-schema": {
      "version": "0.2.3",
      "resolved": "http://r.cnpmjs.org/json-schema/download/json-schema-0.2.3.tgz",
      "integrity": "sha1-tIDIkuWaLwWVTOcnvT8qTogvnhM="
    },
    "json-stable-stringify": {
      "version": "1.0.1",
      "resolved": "http://r.cnpmjs.org/json-stable-stringify/download/json-stable-stringify-1.0.1.tgz",
      "integrity": "sha1-mnWdOcXy/1A/1TAGRu1EX4jE+a8="
    },
    "json-stringify-safe": {
      "version": "5.0.1",
      "resolved": "http://r.cnpmjs.org/json-stringify-safe/download/json-stringify-safe-5.0.1.tgz",
      "integrity": "sha1-Epai1Y/UXxmg9s4B1lcB4sc1tus="
    },
    "json3": {
      "version": "3.3.2",
      "resolved": "http://r.cnpmjs.org/json3/download/json3-3.3.2.tgz",
      "integrity": "sha1-PAQ0dD35Pi9cQq7nsZvLSDV19OE="
    },
    "jsonify": {
      "version": "0.0.0",
      "resolved": "http://r.cnpmjs.org/jsonify/download/jsonify-0.0.0.tgz",
      "integrity": "sha1-LHS27kHZPKUbe1qu6PUDYx0lKnM="
    },
    "jsprim": {
      "version": "1.4.0",
      "resolved": "http://r.cnpmjs.org/jsprim/download/jsprim-1.4.0.tgz",
      "integrity": "sha1-o7h+QCmNjDgFUtjMdiigu5WiKRg=",
      "dependencies": {
        "assert-plus": {
          "version": "1.0.0",
          "resolved": "http://r.cnpmjs.org/assert-plus/download/assert-plus-1.0.0.tgz",
          "integrity": "sha1-8S4PPF13sLHN2RRpQuTpbB5N1SU="
        },
        "extsprintf": {
          "version": "1.0.2",
          "resolved": "http://r.cnpmjs.org/extsprintf/download/extsprintf-1.0.2.tgz",
          "integrity": "sha1-4QgOBljjALBilJkMxw4VAiNf1VA="
        },
        "verror": {
          "version": "1.3.6",
          "resolved": "http://r.cnpmjs.org/verror/download/verror-1.3.6.tgz",
          "integrity": "sha1-z/XfEpRtKX0rqu+qJoniW+AcAFw="
        }
      }
    },
    "keep-alive-agent": {
      "version": "0.0.1",
      "resolved": "http://r.cnpmjs.org/keep-alive-agent/download/keep-alive-agent-0.0.1.tgz",
      "integrity": "sha1-RIR8o5TOjWtSGuhYFr1kUJlCs4U="
    },
    "keypair": {
      "version": "1.0.1",
      "resolved": "http://r.cnpmjs.org/keypair/download/keypair-1.0.1.tgz",
      "integrity": "sha1-dgNxknCvtlZO04oiCHoG/Jqk6hs="
    },
    "lodash": {
      "version": "4.17.4",
      "resolved": "http://r.cnpmjs.org/lodash/download/lodash-4.17.4.tgz",
      "integrity": "sha1-eCA6TRwyiuHYbcpkYONptX9AVa4="
    },
    "lru-cache": {
      "version": "4.0.2",
      "resolved": "http://r.cnpmjs.org/lru-cache/download/lru-cache-4.0.2.tgz",
      "integrity": "sha1-HRdnnAac2l0ECZGgnbwsDbN35V4="
    },
    "mime": {
      "version": "1.3.6",
      "resolved": "http://r.cnpmjs.org/mime/download/mime-1.3.6.tgz",
      "integrity": "sha1-WR2E02U6awtKO5343lqoEI5y5eA="
    },
    "mime-db": {
      "version": "1.27.0",
      "resolved": "http://r.cnpmjs.org/mime-db/download/mime-db-1.27.0.tgz",
      "integrity": "sha1-gg9XIpa70g7CXtVeW13oaeVDbrE="
    },
    "mime-types": {
      "version": "2.1.15",
      "resolved": "http://r.cnpmjs.org/mime-types/download/mime-types-2.1.15.tgz",
      "integrity": "sha1-pOv1BkCUVpI3uM9wBGd20J/JKu0="
    },
    "minimalistic-assert": {
      "version": "1.0.0",
      "resolved": "http://r.cnpmjs.org/minimalistic-assert/download/minimalistic-assert-1.0.0.tgz",
      "integrity": "sha1-cCvi3aazf0g2vLP121ZkG2Sh09M="
    },
    "minimatch": {
      "version": "3.0.4",
      "resolved": "http://r.cnpmjs.org/minimatch/download/minimatch-3.0.4.tgz",
      "integrity": "sha1-UWbihkV/AzBgZL5Ul+jbsMPTIIM=",
      "optional": true
    },
    "minimist": {
      "version": "1.2.0",
      "resolved": "http://r.cnpmjs.org/minimist/download/minimist-1.2.0.tgz",
      "integrity": "sha1-o1AIsg9BOD7sH7kU9M1d95omQoQ="
    },
    "mkdirp": {
      "version": "0.5.1",
      "resolved": "http://r.cnpmjs.org/mkdirp/download/mkdirp-0.5.1.tgz",
      "integrity": "sha1-MAV0OOrGz3+MR2fzhkjWaX11yQM=",
      "optional": true,
      "dependencies": {
        "minimist": {
          "version": "0.0.8",
          "resolved": "http://r.cnpmjs.org/minimist/download/minimist-0.0.8.tgz",
          "integrity": "sha1-hX/Kv8M5fSYluCKCYuhqp6ARsF0=",
          "optional": true
        }
      }
    },
    "moment": {
      "version": "2.18.1",
      "resolved": "http://r.cnpmjs.org/moment/download/moment-2.18.1.tgz",
      "integrity": "sha1-w2GT3Tzhwu7SrbfIAtu8d6gbHA8=",
      "optional": true
    },
    "ms": {
      "version": "2.0.0",
      "resolved": "http://r.cnpmjs.org/ms/download/ms-2.0.0.tgz",
      "integrity": "sha1-VgiurfwAvmwpAd9fmGF4jeDVl8g="
    },
    "mv": {
      "version": "2.1.1",
      "resolved": "http://r.cnpmjs.org/mv/download/mv-2.1.1.tgz",
      "integrity": "sha1-rmzg1vbV4KT32JN5jQPB6pVZtqI=",
      "optional": true
    },
    "nan": {
      "version": "2.3.5",
      "resolved": "http://r.cnpmjs.org/nan/download/nan-2.3.5.tgz",
      "integrity": "sha1-gioNwmYpDOTNOhIoLKPn42Rmigg="
    },
    "ncp": {
      "version": "2.0.0",
      "resolved": "http://r.cnpmjs.org/ncp/download/ncp-2.0.0.tgz",
      "integrity": "sha1-GVoh1sRuNh0vsSgbo4uR6d9727M=",
      "optional": true
    },
    "ndarray": {
      "version": "1.0.18",
      "resolved": "http://r.cnpmjs.org/ndarray/download/ndarray-1.0.18.tgz",
      "integrity": "sha1-tg06cyJOxVXQ+qeXEeUCRI/T95M="
    },
    "ndarray-pack": {
      "version": "1.2.1",
      "resolved": "http://r.cnpmjs.org/ndarray-pack/download/ndarray-pack-1.2.1.tgz",
      "integrity": "sha1-jK6+qqJNXs9w/4YCBjeXfajuWFo="
    },
    "negotiator": {
      "version": "0.6.1",
      "resolved": "http://r.cnpmjs.org/negotiator/download/negotiator-0.6.1.tgz",
      "integrity": "sha1-KzJxhOiZIQEXeyhWP7XnECrNDKk="
    },
    "nextgen-events": {
      "version": "0.9.9",
      "resolved": "http://r.cnpmjs.org/nextgen-events/download/nextgen-events-0.9.9.tgz",
      "integrity": "sha1-OaivxKK4RTiMV+LGu5cWcRmGo6A="
    },
    "node-bitmap": {
      "version": "0.0.1",
      "resolved": "http://r.cnpmjs.org/node-bitmap/download/node-bitmap-0.0.1.tgz",
      "integrity": "sha1-GA6scAPgxwdhjvMTaPYvhLKmkJE="
    },
    "node-monkey": {
      "version": "1.0.0-rc.2",
      "resolved": "http://r.cnpmjs.org/node-monkey/download/node-monkey-1.0.0-rc.2.tgz",
      "integrity": "sha1-nsMUU0P4SdcEBAV9LqVfvnCXyGA=",
      "dependencies": {
        "babel-runtime": {
          "version": "6.23.0",
          "resolved": "http://r.cnpmjs.org/babel-runtime/download/babel-runtime-6.23.0.tgz",
          "integrity": "sha1-CpSJ8UTecO+zzkMArM2zKeL8VDs="
        }
      }
    },
    "node-uuid": {
      "version": "1.4.8",
      "resolved": "http://r.cnpmjs.org/node-uuid/download/node-uuid-1.4.8.tgz",
      "integrity": "sha1-sEDrCSOWivq/jTL7HxfxFn/auQc="
    },
    "oauth-sign": {
      "version": "0.8.2",
      "resolved": "http://r.cnpmjs.org/oauth-sign/download/oauth-sign-0.8.2.tgz",
      "integrity": "sha1-Rqarfwrq2N6unsBWV4C31O/rnUM="
    },
    "object-assign": {
      "version": "4.1.0",
      "resolved": "http://r.cnpmjs.org/object-assign/download/object-assign-4.1.0.tgz",
      "integrity": "sha1-ejs9DpgGPUP0wD8uiubNUahog6A="
    },
    "object-component": {
      "version": "0.0.3",
      "resolved": "http://r.cnpmjs.org/object-component/download/object-component-0.0.3.tgz",
      "integrity": "sha1-8MaapQ78lbhmwYb0AKM3acsvEpE="
    },
    "obuf": {
      "version": "1.1.1",
      "resolved": "http://r.cnpmjs.org/obuf/download/obuf-1.1.1.tgz",
      "integrity": "sha1-EEEktsYCxnlogaBCVB0220OlJk4="
    },
    "omggif": {
      "version": "1.0.8",
      "resolved": "http://r.cnpmjs.org/omggif/download/omggif-1.0.8.tgz",
      "integrity": "sha1-F483sqsLPXtG7ToORr0HkLWNNTA="
    },
    "once": {
      "version": "1.4.0",
      "resolved": "http://r.cnpmjs.org/once/download/once-1.4.0.tgz",
      "integrity": "sha1-WDsap3WWHUsROsF9nFC6753Xa9E="
    },
    "options": {
      "version": "0.0.6",
      "resolved": "http://r.cnpmjs.org/options/download/options-0.0.6.tgz",
      "integrity": "sha1-7CLTEoBrtT5zF3Pnza788cZDEo8="
    },
    "parse-data-uri": {
      "version": "0.2.0",
      "resolved": "http://r.cnpmjs.org/parse-data-uri/download/parse-data-uri-0.2.0.tgz",
      "integrity": "sha1-vwTYUd1ch7CrI45dAazklLYEtMk="
    },
    "parsejson": {
      "version": "0.0.3",
      "resolved": "http://r.cnpmjs.org/parsejson/download/parsejson-0.0.3.tgz",
      "integrity": "sha1-q343WfIJ7OmUN5c/fQ8fZK4OZKs="
    },
    "parseqs": {
      "version": "0.0.5",
      "resolved": "http://r.cnpmjs.org/parseqs/download/parseqs-0.0.5.tgz",
      "integrity": "sha1-1SCKNzjkZ2bikbouoXNoSSGouJ0="
    },
    "parseuri": {
      "version": "0.0.5",
      "resolved": "http://r.cnpmjs.org/parseuri/download/parseuri-0.0.5.tgz",
      "integrity": "sha1-gCBKUNTbt3m/3G6+J3jZDkvOMgo="
    },
    "path-is-absolute": {
      "version": "1.0.1",
      "resolved": "http://r.cnpmjs.org/path-is-absolute/download/path-is-absolute-1.0.1.tgz",
      "integrity": "sha1-F0uSaHNVNP+8es5r9TpanhtcX18=",
      "optional": true
    },
    "performance-now": {
      "version": "0.2.0",
      "resolved": "http://r.cnpmjs.org/performance-now/download/performance-now-0.2.0.tgz",
      "integrity": "sha1-M+8wxcd9TqIcWlOGnZG1bY8lVeU="
    },
    "pngjs": {
      "version": "2.3.1",
      "resolved": "http://r.cnpmjs.org/pngjs/download/pngjs-2.3.1.tgz",
      "integrity": "sha1-EdHhK5y2TWPjDBQ6Mw9MH1Z9qF8="
    },
    "precond": {
      "version": "0.2.3",
      "resolved": "http://r.cnpmjs.org/precond/download/precond-0.2.3.tgz",
      "integrity": "sha1-qpWRvKokkj8eD0hJ0kD0fvwQdaw="
    },
    "process-nextick-args": {
      "version": "1.0.7",
      "resolved": "http://r.cnpmjs.org/process-nextick-args/download/process-nextick-args-1.0.7.tgz",
      "integrity": "sha1-FQ4gt1ZZCtP5EJPyWk8q2L/zC6M="
    },
    "pseudomap": {
      "version": "1.0.2",
      "resolved": "http://r.cnpmjs.org/pseudomap/download/pseudomap-1.0.2.tgz",
      "integrity": "sha1-8FKijacOYYkX7wqKw0wa5aaChrM="
    },
    "pty.js": {
      "version": "0.3.1",
      "resolved": "http://r.cnpmjs.org/pty.js/download/pty.js-0.3.1.tgz",
      "integrity": "sha1-gfW+0zLW5eeraFaI0boDc0ENUbU="
    },
    "punycode": {
      "version": "1.4.1",
      "resolved": "http://r.cnpmjs.org/punycode/download/punycode-1.4.1.tgz",
      "integrity": "sha1-wNWmOycYgArY4esPpSachN1BhF4="
    },
    "qs": {
      "version": "6.4.0",
      "resolved": "http://r.cnpmjs.org/qs/download/qs-6.4.0.tgz",
      "integrity": "sha1-E+JtKK1rD/qpExLNO/cI7TUecjM="
    },
    "readable-stream": {
      "version": "2.2.10",
      "resolved": "http://r.cnpmjs.org/readable-stream/download/readable-stream-2.2.10.tgz",
      "integrity": "sha1-7/5yu3yITA3TNeI3nVJhltnQEe4="
    },
    "regenerator-runtime": {
      "version": "0.10.5",
      "resolved": "http://r.cnpmjs.org/regenerator-runtime/download/regenerator-runtime-0.10.5.tgz",
      "integrity": "sha1-M2w+/BIgrc7dosn6tntaeVWjNlg="
    },
    "request": {
      "version": "2.81.0",
      "resolved": "http://r.cnpmjs.org/request/download/request-2.81.0.tgz",
      "integrity": "sha1-xpKJRqDgbF+Nb4qTM0af/aRimKA=",
      "dependencies": {
        "assert-plus": {
          "version": "0.2.0",
          "resolved": "http://r.cnpmjs.org/assert-plus/download/assert-plus-0.2.0.tgz",
          "integrity": "sha1-104bh+ev/A24qttwIfP+SBAasjQ="
        },
        "extend": {
          "version": "3.0.1",
          "resolved": "http://r.cnpmjs.org/extend/download/extend-3.0.1.tgz",
          "integrity": "sha1-p1Xqe8Gt/MWjHOfnYtuq3F5jZEQ="
        },
        "http-signature": {
          "version": "1.1.1",
          "resolved": "http://r.cnpmjs.org/http-signature/download/http-signature-1.1.1.tgz",
          "integrity": "sha1-33LiZwZs0Kxn+3at+OE0qPvPkb8="
        },
        "tunnel-agent": {
          "version": "0.6.0",
          "resolved": "http://r.cnpmjs.org/tunnel-agent/download/tunnel-agent-0.6.0.tgz",
          "integrity": "sha1-J6XeoGs2sEoKmWZ3SykIaPD8QP0="
        },
        "uuid": {
          "version": "3.0.1",
          "resolved": "http://r.cnpmjs.org/uuid/download/uuid-3.0.1.tgz",
          "integrity": "sha1-ZUS7ot/ajBzxfmKaOjBeK7H+5sE="
        }
      }
    },
    "restify": {
      "version": "4.3.0",
      "resolved": "http://r.cnpmjs.org/restify/download/restify-4.3.0.tgz",
      "integrity": "sha1-A7Z5YNHUKm2vzeO9gvuIIXOidng="
    },
    "rimraf": {
      "version": "2.4.5",
      "resolved": "http://r.cnpmjs.org/rimraf/download/rimraf-2.4.5.tgz",
      "integrity": "sha1-7nEM5dk6j9uFb7Xqj/Di11k0sto=",
      "optional": true
    },
    "safe-buffer": {
      "version": "5.1.0",
      "resolved": "http://r.cnpmjs.org/safe-buffer/download/safe-buffer-5.1.0.tgz",
      "integrity": "sha1-/kyEYDl/nqqqWOc75GJzQIpF4iM="
    },
    "safe-json-stringify": {
      "version": "1.0.4",
      "resolved": "http://r.cnpmjs.org/safe-json-stringify/download/safe-json-stringify-1.0.4.tgz",
      "integrity": "sha1-gaCY9Efku8P/MxKiQ1IbwGDvWRE=",
      "optional": true
    },
    "scrypt": {
      "version": "6.0.3",
      "resolved": "http://r.cnpmjs.org/scrypt/download/scrypt-6.0.3.tgz",
      "integrity": "sha1-BOAUpWgrU/pQwtXM4WfXGcBthw0="
    },
    "select-hose": {
      "version": "2.0.0",
      "resolved": "http://r.cnpmjs.org/select-hose/download/select-hose-2.0.0.tgz",
      "integrity": "sha1-Yl2GWPhlr0Psliv8N2o3NZpJlMo="
    },
    "semver": {
      "version": "4.3.6",
      "resolved": "http://r.cnpmjs.org/semver/download/semver-4.3.6.tgz",
      "integrity": "sha1-MAvG4OhjdPe6YQaLWx7NV/xlMto="
    },
    "sntp": {
      "version": "1.0.9",
      "resolved": "http://r.cnpmjs.org/sntp/download/sntp-1.0.9.tgz",
      "integrity": "sha1-ZUEYTMkK7qbG57NeJlkIJEPGYZg="
    },
    "socket.io": {
      "version": "1.7.4",
      "resolved": "http://r.cnpmjs.org/socket.io/download/socket.io-1.7.4.tgz",
      "integrity": "sha1-L37O3DORvy1cc+KR/iM+bjTU3QA=",
      "dependencies": {
        "debug": {
          "version": "2.3.3",
          "resolved": "http://r.cnpmjs.org/debug/download/debug-2.3.3.tgz",
          "integrity": "sha1-QMRT5n5uE8kB3ewxeviYbNqe/4w="
        },
        "ms": {
          "version": "0.7.2",
          "resolved": "http://r.cnpmjs.org/ms/download/ms-0.7.2.tgz",
          "integrity": "sha1-riXPJRKziFodldfwN4aNhDESR2U="
        }
      }
    },
    "socket.io-adapter": {
      "version": "0.5.0",
      "resolved": "http://r.cnpmjs.org/socket.io-adapter/download/socket.io-adapter-0.5.0.tgz",
      "integrity": "sha1-y21LuL7IHhB4uZZ3+c7QBGBmu4s=",
      "dependencies": {
        "debug": {
          "version": "2.3.3",
          "resolved": "http://r.cnpmjs.org/debug/download/debug-2.3.3.tgz",
          "integrity": "sha1-QMRT5n5uE8kB3ewxeviYbNqe/4w="
        },
        "ms": {
          "version": "0.7.2",
          "resolved": "http://r.cnpmjs.org/ms/download/ms-0.7.2.tgz",
          "integrity": "sha1-riXPJRKziFodldfwN4aNhDESR2U="
        }
      }
    },
    "socket.io-client": {
      "version": "1.7.4",
      "resolved": "http://r.cnpmjs.org/socket.io-client/download/socket.io-client-1.7.4.tgz",
      "integrity": "sha1-7J+CA1btme9tNX8HVtZIcXvdQoE=",
      "dependencies": {
        "component-emitter": {
          "version": "1.2.1",
          "resolved": "http://r.cnpmjs.org/component-emitter/download/component-emitter-1.2.1.tgz",
          "integrity": "sha1-E3kY1teCg/ffemt8WmPhQOaUJeY="
        },
        "debug": {
          "version": "2.3.3",
          "resolved": "http://r.cnpmjs.org/debug/download/debug-2.3.3.tgz",
          "integrity": "sha1-QMRT5n5uE8kB3ewxeviYbNqe/4w="
        },
        "ms": {
          "version": "0.7.2",
          "resolved": "http://r.cnpmjs.org/ms/download/ms-0.7.2.tgz",
          "integrity": "sha1-riXPJRKziFodldfwN4aNhDESR2U="
        }
      }
    },
    "socket.io-parser": {
      "version": "2.3.1",
      "resolved": "http://r.cnpmjs.org/socket.io-parser/download/socket.io-parser-2.3.1.tgz",
      "integrity": "sha1-3VMgJRA85Clpcya+/WQAX8/ltKA=",
      "dependencies": {
        "debug": {
          "version": "2.2.0",
          "resolved": "http://r.cnpmjs.org/debug/download/debug-2.2.0.tgz",
          "integrity": "sha1-+HBX6ZWxofauaklgZkE3vFbwOdo="
        },
        "isarray": {
          "version": "0.0.1",
          "resolved": "http://r.cnpmjs.org/isarray/download/isarray-0.0.1.tgz",
          "integrity": "sha1-ihis/Kmo9Bd+Cav8YDiTmwXR7t8="
        },
        "ms": {
          "version": "0.7.1",
          "resolved": "http://r.cnpmjs.org/ms/download/ms-0.7.1.tgz",
          "integrity": "sha1-nNE8A62/8ltl7/3nzoZO6VIBcJg="
        }
      }
    },
    "source-map": {
      "version": "0.5.6",
      "resolved": "http://r.cnpmjs.org/source-map/download/source-map-0.5.6.tgz",
      "integrity": "sha1-dc449SvwczxafwwRjYEzSiu19BI="
    },
    "source-map-support": {
      "version": "0.4.15",
      "resolved": "http://r.cnpmjs.org/source-map-support/download/source-map-support-0.4.15.tgz",
      "integrity": "sha1-AyAt9lwG0r2MfsI2KhkwVv7407E="
    },
    "spdy": {
      "version": "3.4.7",
      "resolved": "http://r.cnpmjs.org/spdy/download/spdy-3.4.7.tgz",
      "integrity": "sha1-Qv9B7OXMD5mjpsKKq7c/XDsDrLw="
    },
    "spdy-transport": {
      "version": "2.0.20",
      "resolved": "http://r.cnpmjs.org/spdy-transport/download/spdy-transport-2.0.20.tgz",
      "integrity": "sha1-c15yBUxIayNU/onnAiVgBKOazk0="
    },
    "ssh2": {
      "version": "0.5.5",
      "resolved": "http://r.cnpmjs.org/ssh2/download/ssh2-0.5.5.tgz",
      "integrity": "sha1-x3gezS7OcwSiU89iD6taXCK7IjU="
    },
    "ssh2-streams": {
      "version": "0.1.18",
      "resolved": "http://r.cnpmjs.org/ssh2-streams/download/ssh2-streams-0.1.18.tgz",
      "integrity": "sha1-1XIcHaMSmvpWyIiEFEiufL3v7Is=",
      "dependencies": {
        "asn1": {
          "version": "0.2.3",
          "resolved": "http://r.cnpmjs.org/asn1/download/asn1-0.2.3.tgz",
          "integrity": "sha1-2sh4dxPJlmhJ/IGAd36+nB3fO4Y="
        },
        "semver": {
          "version": "5.3.0",
          "resolved": "http://r.cnpmjs.org/semver/download/semver-5.3.0.tgz",
          "integrity": "sha1-myzl094C0XxgEq0yaqa00M9U+U8="
        }
      }
    },
    "sshpk": {
      "version": "1.13.0",
      "resolved": "http://r.cnpmjs.org/sshpk/download/sshpk-1.13.0.tgz",
      "integrity": "sha1-/yo+T9BEl1Vf7Zezmg/YL6+zozw=",
      "dependencies": {
        "asn1": {
          "version": "0.2.3",
          "resolved": "http://r.cnpmjs.org/asn1/download/asn1-0.2.3.tgz",
          "integrity": "sha1-2sh4dxPJlmhJ/IGAd36+nB3fO4Y="
        },
        "assert-plus": {
          "version": "1.0.0",
          "resolved": "http://r.cnpmjs.org/assert-plus/download/assert-plus-1.0.0.tgz",
          "integrity": "sha1-8S4PPF13sLHN2RRpQuTpbB5N1SU="
        }
      }
    },
    "stream-transform": {
      "version": "0.1.2",
      "resolved": "http://r.cnpmjs.org/stream-transform/download/stream-transform-0.1.2.tgz",
      "integrity": "sha1-fY5rTgOsR4F3j4x5UXUBv7B2Kp8="
    },
    "streamsearch": {
      "version": "0.1.2",
      "resolved": "http://r.cnpmjs.org/streamsearch/download/streamsearch-0.1.2.tgz",
      "integrity": "sha1-gIudDlb8Jz2Am6VzOOkpkZoanxo="
    },
    "string_decoder": {
      "version": "1.0.1",
      "resolved": "http://r.cnpmjs.org/string_decoder/download/string_decoder-1.0.1.tgz",
      "integrity": "sha1-YuIA8DmVWmgQ2N8KM//A8BNmLZg="
    },
    "string-kit": {
      "version": "0.5.22",
      "resolved": "http://r.cnpmjs.org/string-kit/download/string-kit-0.5.22.tgz",
      "integrity": "sha1-hoR9xk/cYVNFlShy79vvS6w0sPk="
    },
    "stringstream": {
      "version": "0.0.5",
      "resolved": "http://r.cnpmjs.org/stringstream/download/stringstream-0.0.5.tgz",
      "integrity": "sha1-TkhM1N5aC7vuGORjB3EKioFiGHg="
    },
    "terminal-kit": {
      "version": "1.10.1",
      "resolved": "http://r.cnpmjs.org/terminal-kit/download/terminal-kit-1.10.1.tgz",
      "integrity": "sha1-0kbGiALeFaySWktvFWMkU6t5pvE="
    },
    "through": {
      "version": "2.3.8",
      "resolved": "http://r.cnpmjs.org/through/download/through-2.3.8.tgz",
      "integrity": "sha1-DdTJ/6q8NXlgsbckEV1+Doai4fU="
    },
    "to-array": {
      "version": "0.1.4",
      "resolved": "http://r.cnpmjs.org/to-array/download/to-array-0.1.4.tgz",
      "integrity": "sha1-F+bBH3PdTz10zaek/zI46a2b+JA="
    },
    "tough-cookie": {
      "version": "2.3.2",
      "resolved": "http://r.cnpmjs.org/tough-cookie/download/tough-cookie-2.3.2.tgz",
      "integrity": "sha1-8IH3bkyFcg5sN6X6ztc3FQ2EByo="
    },
    "tree-kit": {
      "version": "0.5.26",
      "resolved": "http://r.cnpmjs.org/tree-kit/download/tree-kit-0.5.26.tgz",
      "integrity": "sha1-hXHIb6JNHbdU5bDLOn4J9B50qN8="
    },
    "tunnel-agent": {
      "version": "0.4.3",
      "resolved": "http://r.cnpmjs.org/tunnel-agent/download/tunnel-agent-0.4.3.tgz",
      "integrity": "sha1-Y3PbdpCf5XDgjXNYM2Xtgop07us="
    },
    "tweetnacl": {
      "version": "0.14.5",
      "resolved": "http://r.cnpmjs.org/tweetnacl/download/tweetnacl-0.14.5.tgz",
      "integrity": "sha1-WuaBd/GS1EViadEIr6k/+HQ/T2Q=",
      "optional": true
    },
    "ultron": {
      "version": "1.0.2",
      "resolved": "http://r.cnpmjs.org/ultron/download/ultron-1.0.2.tgz",
      "integrity": "sha1-rOEWq1V80Zc4ak6I9GhTeMiy5Po="
    },
    "uniq": {
      "version": "1.0.1",
      "resolved": "http://r.cnpmjs.org/uniq/download/uniq-1.0.1.tgz",
      "integrity": "sha1-sxxa6CVIRKOoKBVBzisEuGWnNP8="
    },
    "util-deprecate": {
      "version": "1.0.2",
      "resolved": "http://r.cnpmjs.org/util-deprecate/download/util-deprecate-1.0.2.tgz",
      "integrity": "sha1-RQ1Nyfpw3nMnYvvS1KKJgUGaDM8="
    },
    "vasync": {
      "version": "1.6.3",
      "resolved": "http://r.cnpmjs.org/vasync/download/vasync-1.6.3.tgz",
      "integrity": "sha1-SmnXBSpH9M6FUD12Qd8cv0BDKpQ=",
      "dependencies": {
        "verror": {
          "version": "1.6.0",
          "resolved": "http://r.cnpmjs.org/verror/download/verror-1.6.0.tgz",
          "integrity": "sha1-fROyex+swuLakEBetepuW90lLqU="
        }
      }
    },
    "verror": {
      "version": "1.10.0",
      "resolved": "http://r.cnpmjs.org/verror/download/verror-1.10.0.tgz",
      "integrity": "sha1-OhBcoXBTr1XW4nDB+CiGguGNpAA=",
      "dependencies": {
        "assert-plus": {
          "version": "1.0.0",
          "resolved": "http://r.cnpmjs.org/assert-plus/download/assert-plus-1.0.0.tgz",
          "integrity": "sha1-8S4PPF13sLHN2RRpQuTpbB5N1SU="
        }
      }
    },
    "wbuf": {
      "version": "1.7.2",
      "resolved": "http://r.cnpmjs.org/wbuf/download/wbuf-1.7.2.tgz",
      "integrity": "sha1-1pe5nx9ZUS3ydRvkJ2nBWAtYAf4="
    },
    "wrappy": {
      "version": "1.0.2",
      "resolved": "http://r.cnpmjs.org/wrappy/download/wrappy-1.0.2.tgz",
      "integrity": "sha1-tSQ9jz7BqjXxNkYFvA0QNuMKtp8="
    },
    "ws": {
      "version": "1.1.4",
      "resolved": "http://r.cnpmjs.org/ws/download/ws-1.1.4.tgz",
      "integrity": "sha1-V/QNA2gy5fUFVmKjl8Tedu1mv2E="
    },
    "wtf-8": {
      "version": "1.0.0",
      "resolved": "http://r.cnpmjs.org/wtf-8/download/wtf-8-1.0.0.tgz",
      "integrity": "sha1-OS2LotDxw00e4tYw8V0O+2jhBIo="
    },
    "xmlhttprequest-ssl": {
      "version": "1.5.3",
      "resolved": "http://r.cnpmjs.org/xmlhttprequest-ssl/download/xmlhttprequest-ssl-1.5.3.tgz",
      "integrity": "sha1-GFqIjATspGw+QHDZn3tJ3jUomS0="
    },
    "xregexp": {
      "version": "3.2.0",
      "resolved": "http://r.cnpmjs.org/xregexp/download/xregexp-3.2.0.tgz",
      "integrity": "sha1-yzYBmHv+JpW1hAAMGPHEqMMih44="
    },
    "yallist": {
      "version": "2.1.2",
      "resolved": "http://r.cnpmjs.org/yallist/download/yallist-2.1.2.tgz",
      "integrity": "sha1-HBH5IY8HYImkfdUS+TxmmaaoHVI="
    },
    "yeast": {
      "version": "0.1.2",
      "resolved": "http://r.cnpmjs.org/yeast/download/yeast-0.1.2.tgz",
      "integrity": "sha1-AI4G2AlDIMNy28L47XagymyKxBk="
    }
  }
}
